
Microsoft Visual Studio Solution File, Format Version 12.00
# Visual Studio 15
VisualStudioVersion = 15.0.28307.1500
MinimumVisualStudioVersion = 10.0.40219.1
Project("{FAE04EC0-301F-11D3-BF4B-00C04F79EFBC}") = "DoloresERP", "DoloresERP\DoloresERP.csproj", "{7D96A7AE-386B-4046-AB4F-30B07CBA6CED}"
EndProject
Global
	GlobalSection(SolutionConfigurationPlatforms) = preSolution
		Debug|Any CPU = Debug|Any CPU
		Release|Any CPU = Release|Any CPU
	EndGlobalSection
	GlobalSection(ProjectConfigurationPlatforms) = postSolution
		{7D96A7AE-386B-4046-AB4F-30B07CBA6CED}.Debug|Any CPU.ActiveCfg = Debug|Any CPU
		{7D96A7AE-386B-4046-AB4F-30B07CBA6CED}.Debug|Any CPU.Build.0 = Debug|Any CPU
		{7D96A7AE-386B-4046-AB4F-30B07CBA6CED}.Release|Any CPU.ActiveCfg = Release|Any CPU
		{7D96A7AE-386B-4046-AB4F-30B07CBA6CED}.Release|Any CPU.Build.0 = Release|Any CPU
	EndGlobalSection
	GlobalSection(SolutionProperties) = preSolution
		HideSolutionNode = FALSE
	EndGlobalSection
	GlobalSection(ExtensibilityGlobals) = postSolution
		SolutionGuid = {835FBAB8-8708-4BF2-A50B-9B436F71120F}
	EndGlobalSection
EndGlobal
